
Microsoft Visual Studio Solution File, Format Version 12.00
# Visual Studio Version 16
VisualStudioVersion = 16.0.30804.86
MinimumVisualStudioVersion = 10.0.40219.1
Project("{9A19103F-16F7-4668-BE54-9A1E7A4F7556}") = "reunrar", "reunrar.csproj", "{2AE164B0-363D-40D1-B013-520B67C61366}"
EndProject
Global
	GlobalSection(SolutionConfigurationPlatforms) = preSolution
		Debug|Any CPU = Debug|Any CPU
		Release|Any CPU = Release|Any CPU
	EndGlobalSection
	GlobalSection(ProjectConfigurationPlatforms) = postSolution
		{2AE164B0-363D-40D1-B013-520B67C61366}.Debug|Any CPU.ActiveCfg = Debug|Any CPU
		{2AE164B0-363D-40D1-B013-520B67C61366}.Debug|Any CPU.Build.0 = Debug|Any CPU
		{2AE164B0-363D-40D1-B013-520B67C61366}.Release|Any CPU.ActiveCfg = Release|Any CPU
		{2AE164B0-363D-40D1-B013-520B67C61366}.Release|Any CPU.Build.0 = Release|Any CPU
	EndGlobalSection
	GlobalSection(SolutionProperties) = preSolution
		HideSolutionNode = FALSE
	EndGlobalSection
	GlobalSection(ExtensibilityGlobals) = postSolution
		SolutionGuid = {C434F9E0-9ACB-4766-8638-5B6376640D22}
	EndGlobalSection
EndGlobal
